
Microsoft Visual Studio Solution File, Format Version 12.00
# Visual Studio 15
VisualStudioVersion = 15.0.27130.2027
MinimumVisualStudioVersion = 10.0.40219.1
Project("{FAE04EC0-301F-11D3-BF4B-00C04F79EFBC}") = "httpboostercore", "httpboostercore\httpboostercore.csproj", "{4811EA0C-3411-47F0-B0CF-F78B26325AA3}"
EndProject
Global
	GlobalSection(SolutionConfigurationPlatforms) = preSolution
		Debug|Any CPU = Debug|Any CPU
		Release|Any CPU = Release|Any CPU
	EndGlobalSection
	GlobalSection(ProjectConfigurationPlatforms) = postSolution
		{4811EA0C-3411-47F0-B0CF-F78B26325AA3}.Debug|Any CPU.ActiveCfg = Debug|Any CPU
		{4811EA0C-3411-47F0-B0CF-F78B26325AA3}.Debug|Any CPU.Build.0 = Debug|Any CPU
		{4811EA0C-3411-47F0-B0CF-F78B26325AA3}.Release|Any CPU.ActiveCfg = Release|Any CPU
		{4811EA0C-3411-47F0-B0CF-F78B26325AA3}.Release|Any CPU.Build.0 = Release|Any CPU
	EndGlobalSection
	GlobalSection(SolutionProperties) = preSolution
		HideSolutionNode = FALSE
	EndGlobalSection
	GlobalSection(ExtensibilityGlobals) = postSolution
		SolutionGuid = {D25BC07A-5063-4653-959F-A3431F28FF58}
	EndGlobalSection
EndGlobal
